
Microsoft Visual Studio Solution File, Format Version 12.00
# Visual Studio 15
VisualStudioVersion = 15.0.27130.2036
MinimumVisualStudioVersion = 10.0.40219.1
Project("{FAE04EC0-301F-11D3-BF4B-00C04F79EFBC}") = "VisualKeys", "VisualKeys\VisualKeys.csproj", "{E752B4C7-6329-4057-B55D-3890D1FEF064}"
EndProject
Global
	GlobalSection(SolutionConfigurationPlatforms) = preSolution
		Debug|Any CPU = Debug|Any CPU
		Release|Any CPU = Release|Any CPU
	EndGlobalSection
	GlobalSection(ProjectConfigurationPlatforms) = postSolution
		{E752B4C7-6329-4057-B55D-3890D1FEF064}.Debug|Any CPU.ActiveCfg = Debug|Any CPU
		{E752B4C7-6329-4057-B55D-3890D1FEF064}.Debug|Any CPU.Build.0 = Debug|Any CPU
		{E752B4C7-6329-4057-B55D-3890D1FEF064}.Release|Any CPU.ActiveCfg = Release|Any CPU
		{E752B4C7-6329-4057-B55D-3890D1FEF064}.Release|Any CPU.Build.0 = Release|Any CPU
	EndGlobalSection
	GlobalSection(SolutionProperties) = preSolution
		HideSolutionNode = FALSE
	EndGlobalSection
	GlobalSection(ExtensibilityGlobals) = postSolution
		SolutionGuid = {140FCF9E-889C-435D-968A-F7084C326861}
	EndGlobalSection
EndGlobal
